
Microsoft Visual Studio Solution File, Format Version 12.00
# Visual Studio Version 16
VisualStudioVersion = 16.0.30204.135
MinimumVisualStudioVersion = 10.0.40219.1
Project("{888888A0-9F3D-457C-B088-3A5042F75D52}") = "HIS", "HIS\HIS.pyproj", "{7D3E1A25-1062-4FDF-9899-3D9E5489721B}"
EndProject
Global
	GlobalSection(SolutionConfigurationPlatforms) = preSolution
		Debug|Any CPU = Debug|Any CPU
		Release|Any CPU = Release|Any CPU
	EndGlobalSection
	GlobalSection(ProjectConfigurationPlatforms) = postSolution
		{7D3E1A25-1062-4FDF-9899-3D9E5489721B}.Debug|Any CPU.ActiveCfg = Debug|Any CPU
		{7D3E1A25-1062-4FDF-9899-3D9E5489721B}.Debug|Any CPU.Build.0 = Debug|Any CPU
		{7D3E1A25-1062-4FDF-9899-3D9E5489721B}.Release|Any CPU.ActiveCfg = Release|Any CPU
		{7D3E1A25-1062-4FDF-9899-3D9E5489721B}.Release|Any CPU.Build.0 = Release|Any CPU
	EndGlobalSection
	GlobalSection(SolutionProperties) = preSolution
		HideSolutionNode = FALSE
	EndGlobalSection
	GlobalSection(ExtensibilityGlobals) = postSolution
		SolutionGuid = {5C11FBEA-AC0C-4719-A0C9-68FC4F35FAA2}
	EndGlobalSection
EndGlobal
